PODS:
  - MaterialMotionRuntime (1.0.0)

DEPENDENCIES:
  - MaterialMotionRuntime (from `./`)

EXTERNAL SOURCES:
  MaterialMotionRuntime:
    :path: "./"

SPEC CHECKSUMS:
  MaterialMotionRuntime: 75fefd025d476306fadd0267d6e1b5d19ad21bad

PODFILE CHECKSUM: 34aed6d11d07e90631d3d3aa41fc17f180bd810f

COCOAPODS: 1.0.1
