// !$*UTF8*$!
{
	archiveVersion = 1;
	classes = {
	};
	objectVersion = 46;
	objects = {

/* Begin PBXBuildFile section */
		0CC5D017758DFB9FD2CE3D0C /* Pods_Catalog.framework in Frameworks */ = {isa = PBXBuildFile; fileRef = 40989EDCE8ED702490C38923 /* Pods_Catalog.framework */; };
		661369711D5BE7CB00F6830F /* CompositionTests.swift in Sources */ = {isa = PBXBuildFile; fileRef = 661369701D5BE7CB00F6830F /* CompositionTests.swift */; };
		661CD8091DE4E97200841D14 /* NamedPlanTests.swift in Sources */ = {isa = PBXBuildFile; fileRef = 661CD8081DE4E97200841D14 /* NamedPlanTests.swift */; };
		6624C6431D466D7C00DF3108 /* ContinuousPerformingTests.swift in Sources */ = {isa = PBXBuildFile; fileRef = 6624C6421D466D7C00DF3108 /* ContinuousPerformingTests.swift */; };
		66876C601D25ED610054CED4 /* main.m in Sources */ = {isa = PBXBuildFile; fileRef = 66876C5F1D25ED610054CED4 /* main.m */; };
		66876C631D25ED610054CED4 /* AppDelegate.m in Sources */ = {isa = PBXBuildFile; fileRef = 66876C621D25ED610054CED4 /* AppDelegate.m */; };
		66876C6B1D25ED610054CED4 /* Assets.xcassets in Resources */ = {isa = PBXBuildFile; fileRef = 66876C6A1D25ED610054CED4 /* Assets.xcassets */; };
		66876C6E1D25ED610054CED4 /* LaunchScreen.storyboard in Resources */ = {isa = PBXBuildFile; fileRef = 66876C6C1D25ED610054CED4 /* LaunchScreen.storyboard */; };
		669256F21DD6134C00F659E6 /* TimelineTests.swift in Sources */ = {isa = PBXBuildFile; fileRef = 669256F11DD6134C00F659E6 /* TimelineTests.swift */; };
		669F4A341D86073A00B0C45C /* TableOfContents.swift in Sources */ = {isa = PBXBuildFile; fileRef = 669F4A331D86073A00B0C45C /* TableOfContents.swift */; };
		66F0320F1D8336C70094B9C9 /* RuntimeTests.swift in Sources */ = {isa = PBXBuildFile; fileRef = 66F0320E1D8336C70094B9C9 /* RuntimeTests.swift */; };
		833AE8EB7D3AEBD702D012D7 /* Pods_UnitTests.framework in Frameworks */ = {isa = PBXBuildFile; fileRef = 1ADFBF83711E5560DB6C15C1 /* Pods_UnitTests.framework */; };
/* End PBXBuildFile section */

/* Begin PBXContainerItemProxy section */
		66251F161D360C65006EBC89 /* PBXContainerItemProxy */ = {
			isa = PBXContainerItemProxy;
			containerPortal = 66876C531D25ED610054CED4 /* Project object */;
			proxyType = 1;
			remoteGlobalIDString = 66876C5A1D25ED610054CED4;
			remoteInfo = Catalog;
		};
/* End PBXContainerItemProxy section */

/* Begin PBXFileReference section */
		1ADFBF83711E5560DB6C15C1 /* Pods_UnitTests.framework */ = {isa = PBXFileReference; explicitFileType = wrapper.framework; includeInIndex = 0; path = Pods_UnitTests.framework; sourceTree = BUILT_PRODUCTS_DIR; };
		21C72141569E2E16640BE79E /* Pods-Catalog.debug.xcconfig */ = {isa = PBXFileReference; includeInIndex = 1; lastKnownFileType = text.xcconfig; name = "Pods-Catalog.debug.xcconfig"; path = "../../../Pods/Target Support Files/Pods-Catalog/Pods-Catalog.debug.xcconfig"; sourceTree = "<group>"; };
		40989EDCE8ED702490C38923 /* Pods_Catalog.framework */ = {isa = PBXFileReference; explicitFileType = wrapper.framework; includeInIndex = 0; path = Pods_Catalog.framework; sourceTree = BUILT_PRODUCTS_DIR; };
		661369701D5BE7CB00F6830F /* CompositionTests.swift */ = {isa = PBXFileReference; fileEncoding = 4; lastKnownFileType = sourcecode.swift; lineEnding = 0; path = CompositionTests.swift; sourceTree = "<group>"; xcLanguageSpecificationIdentifier = xcode.lang.swift; };
		661CD8081DE4E97200841D14 /* NamedPlanTests.swift */ = {isa = PBXFileReference; fileEncoding = 4; lastKnownFileType = sourcecode.swift; path = NamedPlanTests.swift; sourceTree = "<group>"; };
		6624C6421D466D7C00DF3108 /* ContinuousPerformingTests.swift */ = {isa = PBXFileReference; fileEncoding = 4; lastKnownFileType = sourcecode.swift; path = ContinuousPerformingTests.swift; sourceTree = "<group>"; };
		66251F111D360C65006EBC89 /* UnitTests.xctest */ = {isa = PBXFileReference; explicitFileType = wrapper.cfbundle; includeInIndex = 0; path = UnitTests.xctest; sourceTree = BUILT_PRODUCTS_DIR; };
		66876C5B1D25ED610054CED4 /* Catalog.app */ = {isa = PBXFileReference; explicitFileType = wrapper.application; includeInIndex = 0; path = Catalog.app; sourceTree = BUILT_PRODUCTS_DIR; };
		66876C5F1D25ED610054CED4 /* main.m */ = {isa = PBXFileReference; lastKnownFileType = sourcecode.c.objc; path = main.m; sourceTree = "<group>"; };
		66876C611D25ED610054CED4 /* AppDelegate.h */ = {isa = PBXFileReference; lastKnownFileType = sourcecode.c.h; path = AppDelegate.h; sourceTree = "<group>"; };
		66876C621D25ED610054CED4 /* AppDelegate.m */ = {isa = PBXFileReference; lastKnownFileType = sourcecode.c.objc; path = AppDelegate.m; sourceTree = "<group>"; };
		66876C6A1D25ED610054CED4 /* Assets.xcassets */ = {isa = PBXFileReference; lastKnownFileType = folder.assetcatalog; path = Assets.xcassets; sourceTree = "<group>"; };
		66876C6D1D25ED610054CED4 /* Base */ = {isa = PBXFileReference; lastKnownFileType = file.storyboard; name = Base; path = Base.lproj/LaunchScreen.storyboard; sourceTree = "<group>"; };
		66876C6F1D25ED610054CED4 /* Info.plist */ = {isa = PBXFileReference; lastKnownFileType = text.plist.xml; path = Info.plist; sourceTree = "<group>"; };
		669256F11DD6134C00F659E6 /* TimelineTests.swift */ = {isa = PBXFileReference; fileEncoding = 4; lastKnownFileType = sourcecode.swift; path = TimelineTests.swift; sourceTree = "<group>"; };
		669F4A331D86073A00B0C45C /* TableOfContents.swift */ = {isa = PBXFileReference; fileEncoding = 4; lastKnownFileType = sourcecode.swift; name = TableOfContents.swift; path = ../../TableOfContents.swift; sourceTree = "<group>"; };
		66F0320E1D8336C70094B9C9 /* RuntimeTests.swift */ = {isa = PBXFileReference; fileEncoding = 4; lastKnownFileType = sourcecode.swift; path = RuntimeTests.swift; sourceTree = "<group>"; };
		E5905FDDA717C5114819E933 /* Pods-UnitTests.release.xcconfig */ = {isa = PBXFileReference; includeInIndex = 1; lastKnownFileType = text.xcconfig; name = "Pods-UnitTests.release.xcconfig"; path = "../../../Pods/Target Support Files/Pods-UnitTests/Pods-UnitTests.release.xcconfig"; sourceTree = "<group>"; };
		E703EF451FE693364128DEAF /* Pods-Catalog.release.xcconfig */ = {isa = PBXFileReference; includeInIndex = 1; lastKnownFileType = text.xcconfig; name = "Pods-Catalog.release.xcconfig"; path = "../../../Pods/Target Support Files/Pods-Catalog/Pods-Catalog.release.xcconfig"; sourceTree = "<group>"; };
		F2E6AE72889BB1D3E93589E0 /* Pods-UnitTests.debug.xcconfig */ = {isa = PBXFileReference; includeInIndex = 1; lastKnownFileType = text.xcconfig; name = "Pods-UnitTests.debug.xcconfig"; path = "../../../Pods/Target Support Files/Pods-UnitTests/Pods-UnitTests.debug.xcconfig"; sourceTree = "<group>"; };
/* End PBXFileReference section */

/* Begin PBXFrameworksBuildPhase section */
		66251F0E1D360C65006EBC89 /* Frameworks */ = {
			isa = PBXFrameworksBuildPhase;
			buildActionMask = 2147483647;
			files = (
				833AE8EB7D3AEBD702D012D7 /* Pods_UnitTests.framework in Frameworks */,
			);
			runOnlyForDeploymentPostprocessing = 0;
		};
		66876C581D25ED610054CED4 /* Frameworks */ = {
			isa = PBXFrameworksBuildPhase;
			buildActionMask = 2147483647;
			files = (
				0CC5D017758DFB9FD2CE3D0C /* Pods_Catalog.framework in Frameworks */,
			);
			runOnlyForDeploymentPostprocessing = 0;
		};
/* End PBXFrameworksBuildPhase section */

/* Begin PBXGroup section */
		386AAAEAA054C1AE90B4BC01 /* Pods */ = {
			isa = PBXGroup;
			children = (
				21C72141569E2E16640BE79E /* Pods-Catalog.debug.xcconfig */,
				E703EF451FE693364128DEAF /* Pods-Catalog.release.xcconfig */,
				F2E6AE72889BB1D3E93589E0 /* Pods-UnitTests.debug.xcconfig */,
				E5905FDDA717C5114819E933 /* Pods-UnitTests.release.xcconfig */,
			);
			name = Pods;
			sourceTree = "<group>";
		};
		66251F121D360C65006EBC89 /* tests */ = {
			isa = PBXGroup;
			children = (
				66251F1B1D360C87006EBC89 /* unit */,
			);
			name = tests;
			path = ../../../tests;
			sourceTree = "<group>";
		};
		66251F1B1D360C87006EBC89 /* unit */ = {
			isa = PBXGroup;
			children = (
				66F0320E1D8336C70094B9C9 /* RuntimeTests.swift */,
				661CD8081DE4E97200841D14 /* NamedPlanTests.swift */,
				669256F11DD6134C00F659E6 /* TimelineTests.swift */,
				661369701D5BE7CB00F6830F /* CompositionTests.swift */,
				6624C6421D466D7C00DF3108 /* ContinuousPerformingTests.swift */,
			);
			path = unit;
			sourceTree = "<group>";
		};
		66876C521D25ED610054CED4 = {
			isa = PBXGroup;
			children = (
				669F4A331D86073A00B0C45C /* TableOfContents.swift */,
				66876C5D1D25ED610054CED4 /* app */,
				66251F121D360C65006EBC89 /* tests */,
				66876C5C1D25ED610054CED4 /* Products */,
				386AAAEAA054C1AE90B4BC01 /* Pods */,
				BC85EC9C0B4262497188ECAD /* Frameworks */,
			);
			sourceTree = "<group>";
		};
		66876C5C1D25ED610054CED4 /* Products */ = {
			isa = PBXGroup;
			children = (
				66876C5B1D25ED610054CED4 /* Catalog.app */,
				66251F111D360C65006EBC89 /* UnitTests.xctest */,
			);
			name = Products;
			sourceTree = "<group>";
		};
		66876C5D1D25ED610054CED4 /* app */ = {
			isa = PBXGroup;
			children = (
				66876C611D25ED610054CED4 /* AppDelegate.h */,
				66876C621D25ED610054CED4 /* AppDelegate.m */,
				66876C6A1D25ED610054CED4 /* Assets.xcassets */,
				66876C6C1D25ED610054CED4 /* LaunchScreen.storyboard */,
				66876C6F1D25ED610054CED4 /* Info.plist */,
				66876C5E1D25ED610054CED4 /* Supporting Files */,
			);
			name = app;
			path = src;
			sourceTree = "<group>";
		};
		66876C5E1D25ED610054CED4 /* Supporting Files */ = {
			isa = PBXGroup;
			children = (
				66876C5F1D25ED610054CED4 /* main.m */,
			);
			name = "Supporting Files";
			sourceTree = "<group>";
		};
		BC85EC9C0B4262497188ECAD /* Frameworks */ = {
			isa = PBXGroup;
			children = (
				40989EDCE8ED702490C38923 /* Pods_Catalog.framework */,
				1ADFBF83711E5560DB6C15C1 /* Pods_UnitTests.framework */,
			);
			name = Frameworks;
			sourceTree = "<group>";
		};
/* End PBXGroup section */

/* Begin PBXNativeTarget section */
		66251F101D360C65006EBC89 /* UnitTests */ = {
			isa = PBXNativeTarget;
			buildConfigurationList = 66251F1A1D360C65006EBC89 /* Build configuration list for PBXNativeTarget "UnitTests" */;
			buildPhases = (
				744951BA81BB512FAB5DCC54 /* [CP] Check Pods Manifest.lock */,
				66251F0D1D360C65006EBC89 /* Sources */,
				66251F0E1D360C65006EBC89 /* Frameworks */,
				66251F0F1D360C65006EBC89 /* Resources */,
				74C608BFC6A289E35F263799 /* [CP] Embed Pods Frameworks */,
				21716F4D39DDC707B5510840 /* [CP] Copy Pods Resources */,
			);
			buildRules = (
			);
			dependencies = (
				66251F171D360C65006EBC89 /* PBXTargetDependency */,
			);
			name = UnitTests;
			productName = UnitTests;
			productReference = 66251F111D360C65006EBC89 /* UnitTests.xctest */;
			productType = "com.apple.product-type.bundle.unit-test";
		};
		66876C5A1D25ED610054CED4 /* Catalog */ = {
			isa = PBXNativeTarget;
			buildConfigurationList = 66876C721D25ED610054CED4 /* Build configuration list for PBXNativeTarget "Catalog" */;
			buildPhases = (
				B3FFA629DA90C1D1D87A8632 /* [CP] Check Pods Manifest.lock */,
				66876C571D25ED610054CED4 /* Sources */,
				66876C581D25ED610054CED4 /* Frameworks */,
				66876C591D25ED610054CED4 /* Resources */,
				95BC491A53697A7D5C6496EA /* [CP] Embed Pods Frameworks */,
				8A3529867C4C5804F6E0F83B /* [CP] Copy Pods Resources */,
			);
			buildRules = (
			);
			dependencies = (
			);
			name = Catalog;
			productName = Catalog;
			productReference = 66876C5B1D25ED610054CED4 /* Catalog.app */;
			productType = "com.apple.product-type.application";
		};
/* End PBXNativeTarget section */

/* Begin PBXProject section */
		66876C531D25ED610054CED4 /* Project object */ = {
			isa = PBXProject;
			attributes = {
				LastSwiftUpdateCheck = 0730;
				LastUpgradeCheck = 0800;
				ORGANIZATIONNAME = Google;
				TargetAttributes = {
					66251F101D360C65006EBC89 = {
						CreatedOnToolsVersion = 7.3.1;
						DevelopmentTeam = ZGWD8QJUPK;
						LastSwiftMigration = 0800;
					};
					66876C5A1D25ED610054CED4 = {
						CreatedOnToolsVersion = 7.3.1;
						DevelopmentTeam = ZGWD8QJUPK;
						LastSwiftMigration = 0800;
					};
				};
			};
			buildConfigurationList = 66876C561D25ED610054CED4 /* Build configuration list for PBXProject "Catalog" */;
			compatibilityVersion = "Xcode 3.2";
			developmentRegion = English;
			hasScannedForEncodings = 0;
			knownRegions = (
				en,
				Base,
			);
			mainGroup = 66876C521D25ED610054CED4;
			productRefGroup = 66876C5C1D25ED610054CED4 /* Products */;
			projectDirPath = "";
			projectRoot = "";
			targets = (
				66876C5A1D25ED610054CED4 /* Catalog */,
				66251F101D360C65006EBC89 /* UnitTests */,
			);
		};
/* End PBXProject section */

/* Begin PBXResourcesBuildPhase section */
		66251F0F1D360C65006EBC89 /* Resources */ = {
			isa = PBXResourcesBuildPhase;
			buildActionMask = 2147483647;
			files = (
			);
			runOnlyForDeploymentPostprocessing = 0;
		};
		66876C591D25ED610054CED4 /* Resources */ = {
			isa = PBXResourcesBuildPhase;
			buildActionMask = 2147483647;
			files = (
				66876C6E1D25ED610054CED4 /* LaunchScreen.storyboard in Resources */,
				66876C6B1D25ED610054CED4 /* Assets.xcassets in Resources */,
			);
			runOnlyForDeploymentPostprocessing = 0;
		};
/* End PBXResourcesBuildPhase section */

/* Begin PBXShellScriptBuildPhase section */
		21716F4D39DDC707B5510840 /* [CP] Copy Pods Resources */ = {
			isa = PBXShellScriptBuildPhase;
			buildActionMask = 2147483647;
			files = (
			);
			inputPaths = (
			);
			name = "[CP] Copy Pods Resources";
			outputPaths = (
			);
			runOnlyForDeploymentPostprocessing = 0;
			shellPath = /bin/sh;
			shellScript = "\"${SRCROOT}/../../../Pods/Target Support Files/Pods-UnitTests/Pods-UnitTests-resources.sh\"\n";
			showEnvVarsInLog = 0;
		};
		744951BA81BB512FAB5DCC54 /* [CP] Check Pods Manifest.lock */ = {
			isa = PBXShellScriptBuildPhase;
			buildActionMask = 2147483647;
			files = (
			);
			inputPaths = (
			);
			name = "[CP] Check Pods Manifest.lock";
			outputPaths = (
			);
			runOnlyForDeploymentPostprocessing = 0;
			shellPath = /bin/sh;
			shellScript = "diff \"${PODS_ROOT}/../Podfile.lock\" \"${PODS_ROOT}/Manifest.lock\" > /dev/null\nif [ $? != 0 ] ; then\n    # print error to STDERR\n    echo \"error: The sandbox is not in sync with the Podfile.lock. Run 'pod install' or update your CocoaPods installation.\" >&2\n    exit 1\nfi\n";
			showEnvVarsInLog = 0;
		};
		74C608BFC6A289E35F263799 /* [CP] Embed Pods Frameworks */ = {
			isa = PBXShellScriptBuildPhase;
			buildActionMask = 2147483647;
			files = (
			);
			inputPaths = (
			);
			name = "[CP] Embed Pods Frameworks";
			outputPaths = (
			);
			runOnlyForDeploymentPostprocessing = 0;
			shellPath = /bin/sh;
			shellScript = "\"${SRCROOT}/../../../Pods/Target Support Files/Pods-UnitTests/Pods-UnitTests-frameworks.sh\"\n";
			showEnvVarsInLog = 0;
		};
		8A3529867C4C5804F6E0F83B /* [CP] Copy Pods Resources */ = {
			isa = PBXShellScriptBuildPhase;
			buildActionMask = 2147483647;
			files = (
			);
			inputPaths = (
			);
			name = "[CP] Copy Pods Resources";
			outputPaths = (
			);
			runOnlyForDeploymentPostprocessing = 0;
			shellPath = /bin/sh;
			shellScript = "\"${SRCROOT}/../../../Pods/Target Support Files/Pods-Catalog/Pods-Catalog-resources.sh\"\n";
			showEnvVarsInLog = 0;
		};
		95BC491A53697A7D5C6496EA /* [CP] Embed Pods Frameworks */ = {
			isa = PBXShellScriptBuildPhase;
			buildActionMask = 2147483647;
			files = (
			);
			inputPaths = (
			);
			name = "[CP] Embed Pods Frameworks";
			outputPaths = (
			);
			runOnlyForDeploymentPostprocessing = 0;
			shellPath = /bin/sh;
			shellScript = "\"${SRCROOT}/../../../Pods/Target Support Files/Pods-Catalog/Pods-Catalog-frameworks.sh\"\n";
			showEnvVarsInLog = 0;
		};
		B3FFA629DA90C1D1D87A8632 /* [CP] Check Pods Manifest.lock */ = {
			isa = PBXShellScriptBuildPhase;
			buildActionMask = 2147483647;
			files = (
			);
			inputPaths = (
			);
			name = "[CP] Check Pods Manifest.lock";
			outputPaths = (
			);
			runOnlyForDeploymentPostprocessing = 0;
			shellPath = /bin/sh;
			shellScript = "diff \"${PODS_ROOT}/../Podfile.lock\" \"${PODS_ROOT}/Manifest.lock\" > /dev/null\nif [ $? != 0 ] ; then\n    # print error to STDERR\n    echo \"error: The sandbox is not in sync with the Podfile.lock. Run 'pod install' or update your CocoaPods installation.\" >&2\n    exit 1\nfi\n";
			showEnvVarsInLog = 0;
		};
/* End PBXShellScriptBuildPhase section */

/* Begin PBXSourcesBuildPhase section */
		66251F0D1D360C65006EBC89 /* Sources */ = {
			isa = PBXSourcesBuildPhase;
			buildActionMask = 2147483647;
			files = (
				669256F21DD6134C00F659E6 /* TimelineTests.swift in Sources */,
				66F0320F1D8336C70094B9C9 /* RuntimeTests.swift in Sources */,
				661369711D5BE7CB00F6830F /* CompositionTests.swift in Sources */,
				6624C6431D466D7C00DF3108 /* ContinuousPerformingTests.swift in Sources */,
				661CD8091DE4E97200841D14 /* NamedPlanTests.swift in Sources */,
			);
			runOnlyForDeploymentPostprocessing = 0;
		};
		66876C571D25ED610054CED4 /* Sources */ = {
			isa = PBXSourcesBuildPhase;
			buildActionMask = 2147483647;
			files = (
				66876C631D25ED610054CED4 /* AppDelegate.m in Sources */,
				66876C601D25ED610054CED4 /* main.m in Sources */,
				669F4A341D86073A00B0C45C /* TableOfContents.swift in Sources */,
			);
			runOnlyForDeploymentPostprocessing = 0;
		};
/* End PBXSourcesBuildPhase section */

/* Begin PBXTargetDependency section */
		66251F171D360C65006EBC89 /* PBXTargetDependency */ = {
			isa = PBXTargetDependency;
			target = 66876C5A1D25ED610054CED4 /* Catalog */;
			targetProxy = 66251F161D360C65006EBC89 /* PBXContainerItemProxy */;
		};
/* End PBXTargetDependency section */

/* Begin PBXVariantGroup section */
		66876C6C1D25ED610054CED4 /* LaunchScreen.storyboard */ = {
			isa = PBXVariantGroup;
			children = (
				66876C6D1D25ED610054CED4 /* Base */,
			);
			name = LaunchScreen.storyboard;
			sourceTree = "<group>";
		};
/* End PBXVariantGroup section */

/* Begin XCBuildConfiguration section */
		66251F181D360C65006EBC89 /* Debug */ = {
			isa = XCBuildConfiguration;
			baseConfigurationReference = F2E6AE72889BB1D3E93589E0 /* Pods-UnitTests.debug.xcconfig */;
			buildSettings = {
				CLANG_ENABLE_MODULES = YES;
				DEVELOPMENT_TEAM = ZGWD8QJUPK;
				INFOPLIST_FILE = UnitTests/Info.plist;
				IPHONEOS_DEPLOYMENT_TARGET = 9.3;
				LD_RUNPATH_SEARCH_PATHS = "$(inherited) @executable_path/Frameworks @loader_path/Frameworks";
				PRODUCT_BUNDLE_IDENTIFIER = com.google.UnitTests;
				PRODUCT_NAME = "$(TARGET_NAME)";
				SWIFT_OPTIMIZATION_LEVEL = "-Onone";
				SWIFT_VERSION = 3.0;
			};
			name = Debug;
		};
		66251F191D360C65006EBC89 /* Release */ = {
			isa = XCBuildConfiguration;
			baseConfigurationReference = E5905FDDA717C5114819E933 /* Pods-UnitTests.release.xcconfig */;
			buildSettings = {
				CLANG_ENABLE_MODULES = YES;
				DEVELOPMENT_TEAM = ZGWD8QJUPK;
				INFOPLIST_FILE = UnitTests/Info.plist;
				IPHONEOS_DEPLOYMENT_TARGET = 9.3;
				LD_RUNPATH_SEARCH_PATHS = "$(inherited) @executable_path/Frameworks @loader_path/Frameworks";
				PRODUCT_BUNDLE_IDENTIFIER = com.google.UnitTests;
				PRODUCT_NAME = "$(TARGET_NAME)";
				SWIFT_VERSION = 3.0;
			};
			name = Release;
		};
		66876C701D25ED610054CED4 /* Debug */ = {
			isa = XCBuildConfiguration;
			buildSettings = {
				ALWAYS_SEARCH_USER_PATHS = NO;
				CLANG_ANALYZER_NONNULL = YES;
				CLANG_CXX_LANGUAGE_STANDARD = "gnu++0x";
				CLANG_CXX_LIBRARY = "libc++";
				CLANG_ENABLE_MODULES = YES;
				CLANG_ENABLE_OBJC_ARC = YES;
				CLANG_WARN_BOOL_CONVERSION = YES;
				CLANG_WARN_CONSTANT_CONVERSION = YES;
				CLANG_WARN_DIRECT_OBJC_ISA_USAGE = YES_ERROR;
				CLANG_WARN_EMPTY_BODY = YES;
				CLANG_WARN_ENUM_CONVERSION = YES;
				CLANG_WARN_INFINITE_RECURSION = YES;
				CLANG_WARN_INT_CONVERSION = YES;
				CLANG_WARN_OBJC_ROOT_CLASS = YES_ERROR;
				CLANG_WARN_SUSPICIOUS_MOVE = YES;
				CLANG_WARN_UNREACHABLE_CODE = YES;
				CLANG_WARN__DUPLICATE_METHOD_MATCH = YES;
				"CODE_SIGN_IDENTITY[sdk=iphoneos*]" = "iPhone Developer";
				COPY_PHASE_STRIP = NO;
				DEBUG_INFORMATION_FORMAT = dwarf;
				ENABLE_STRICT_OBJC_MSGSEND = YES;
				ENABLE_TESTABILITY = YES;
				GCC_C_LANGUAGE_STANDARD = gnu99;
				GCC_DYNAMIC_NO_PIC = NO;
				GCC_NO_COMMON_BLOCKS = YES;
				GCC_OPTIMIZATION_LEVEL = 0;
				GCC_PREPROCESSOR_DEFINITIONS = (
					"DEBUG=1",
					"$(inherited)",
				);
				GCC_WARN_64_TO_32_BIT_CONVERSION = YES;
				GCC_WARN_ABOUT_RETURN_TYPE = YES_ERROR;
				GCC_WARN_UNDECLARED_SELECTOR = YES;
				GCC_WARN_UNINITIALIZED_AUTOS = YES_AGGRESSIVE;
				GCC_WARN_UNUSED_FUNCTION = YES;
				GCC_WARN_UNUSED_VARIABLE = YES;
				IPHONEOS_DEPLOYMENT_TARGET = 8.0;
				MTL_ENABLE_DEBUG_INFO = YES;
				ONLY_ACTIVE_ARCH = YES;
				SDKROOT = iphoneos;
				TARGETED_DEVICE_FAMILY = "1,2";
			};
			name = Debug;
		};
		66876C711D25ED610054CED4 /* Release */ = {
			isa = XCBuildConfiguration;
			buildSettings = {
				ALWAYS_SEARCH_USER_PATHS = NO;
				CLANG_ANALYZER_NONNULL = YES;
				CLANG_CXX_LANGUAGE_STANDARD = "gnu++0x";
				CLANG_CXX_LIBRARY = "libc++";
				CLANG_ENABLE_MODULES = YES;
				CLANG_ENABLE_OBJC_ARC = YES;
				CLANG_WARN_BOOL_CONVERSION = YES;
				CLANG_WARN_CONSTANT_CONVERSION = YES;
				CLANG_WARN_DIRECT_OBJC_ISA_USAGE = YES_ERROR;
				CLANG_WARN_EMPTY_BODY = YES;
				CLANG_WARN_ENUM_CONVERSION = YES;
				CLANG_WARN_INFINITE_RECURSION = YES;
				CLANG_WARN_INT_CONVERSION = YES;
				CLANG_WARN_OBJC_ROOT_CLASS = YES_ERROR;
				CLANG_WARN_SUSPICIOUS_MOVE = YES;
				CLANG_WARN_UNREACHABLE_CODE = YES;
				CLANG_WARN__DUPLICATE_METHOD_MATCH = YES;
				"CODE_SIGN_IDENTITY[sdk=iphoneos*]" = "iPhone Developer";
				COPY_PHASE_STRIP = NO;
				DEBUG_INFORMATION_FORMAT = "dwarf-with-dsym";
				ENABLE_NS_ASSERTIONS = NO;
				ENABLE_STRICT_OBJC_MSGSEND = YES;
				GCC_C_LANGUAGE_STANDARD = gnu99;
				GCC_NO_COMMON_BLOCKS = YES;
				GCC_WARN_64_TO_32_BIT_CONVERSION = YES;
				GCC_WARN_ABOUT_RETURN_TYPE = YES_ERROR;
				GCC_WARN_UNDECLARED_SELECTOR = YES;
				GCC_WARN_UNINITIALIZED_AUTOS = YES_AGGRESSIVE;
				GCC_WARN_UNUSED_FUNCTION = YES;
				GCC_WARN_UNUSED_VARIABLE = YES;
				IPHONEOS_DEPLOYMENT_TARGET = 8.0;
				MTL_ENABLE_DEBUG_INFO = NO;
				SDKROOT = iphoneos;
				SWIFT_OPTIMIZATION_LEVEL = "-Owholemodule";
				TARGETED_DEVICE_FAMILY = "1,2";
				VALIDATE_PRODUCT = YES;
			};
			name = Release;
		};
		66876C731D25ED610054CED4 /* Debug */ = {
			isa = XCBuildConfiguration;
			baseConfigurationReference = 21C72141569E2E16640BE79E /* Pods-Catalog.debug.xcconfig */;
			buildSettings = {
				ASSETCATALOG_COMPILER_APPICON_NAME = AppIcon;
				CLANG_ENABLE_MODULES = YES;
				DEVELOPMENT_TEAM = ZGWD8QJUPK;
				INFOPLIST_FILE = src/Info.plist;
				LD_RUNPATH_SEARCH_PATHS = "$(inherited) @executable_path/Frameworks";
				PRODUCT_BUNDLE_IDENTIFIER = com.google.Catalog;
				PRODUCT_NAME = Catalog;
				SWIFT_OPTIMIZATION_LEVEL = "-Onone";
				SWIFT_VERSION = 3.0;
			};
			name = Debug;
		};
		66876C741D25ED610054CED4 /* Release */ = {
			isa = XCBuildConfiguration;
			baseConfigurationReference = E703EF451FE693364128DEAF /* Pods-Catalog.release.xcconfig */;
			buildSettings = {
				ASSETCATALOG_COMPILER_APPICON_NAME = AppIcon;
				CLANG_ENABLE_MODULES = YES;
				DEVELOPMENT_TEAM = ZGWD8QJUPK;
				INFOPLIST_FILE = src/Info.plist;
				LD_RUNPATH_SEARCH_PATHS = "$(inherited) @executable_path/Frameworks";
				PRODUCT_BUNDLE_IDENTIFIER = com.google.Catalog;
				PRODUCT_NAME = Catalog;
				SWIFT_VERSION = 3.0;
			};
			name = Release;
		};
/* End XCBuildConfiguration section */

/* Begin XCConfigurationList section */
		66251F1A1D360C65006EBC89 /* Build configuration list for PBXNativeTarget "UnitTests" */ = {
			isa = XCConfigurationList;
			buildConfigurations = (
				66251F181D360C65006EBC89 /* Debug */,
				66251F191D360C65006EBC89 /* Release */,
			);
			defaultConfigurationIsVisible = 0;
			defaultConfigurationName = Release;
		};
		66876C561D25ED610054CED4 /* Build configuration list for PBXProject "Catalog" */ = {
			isa = XCConfigurationList;
			buildConfigurations = (
				66876C701D25ED610054CED4 /* Debug */,
				66876C711D25ED610054CED4 /* Release */,
			);
			defaultConfigurationIsVisible = 0;
			defaultConfigurationName = Release;
		};
		66876C721D25ED610054CED4 /* Build configuration list for PBXNativeTarget "Catalog" */ = {
			isa = XCConfigurationList;
			buildConfigurations = (
				66876C731D25ED610054CED4 /* Debug */,
				66876C741D25ED610054CED4 /* Release */,
			);
			defaultConfigurationIsVisible = 0;
			defaultConfigurationName = Release;
		};
/* End XCConfigurationList section */
	};
	rootObject = 66876C531D25ED610054CED4 /* Project object */;
}
