// !$*UTF8*$!
{
	archiveVersion = 1;
	classes = {
	};
	objectVersion = 46;
	objects = {

/* Begin PBXBuildFile section */
		36A920011D2D56900001C0B0 /* MainViewController.m in Sources */ = {isa = PBXBuildFile; fileRef = 36A920001D2D56900001C0B0 /* MainViewController.m */; };
		36A9202C1D2FEB4D0001C0B0 /* Tween.m in Sources */ = {isa = PBXBuildFile; fileRef = 36A9202B1D2FEB4D0001C0B0 /* Tween.m */; };
		66876C601D25ED610054CED4 /* main.m in Sources */ = {isa = PBXBuildFile; fileRef = 66876C5F1D25ED610054CED4 /* main.m */; };
		66876C631D25ED610054CED4 /* AppDelegate.m in Sources */ = {isa = PBXBuildFile; fileRef = 66876C621D25ED610054CED4 /* AppDelegate.m */; };
		66876C661D25ED610054CED4 /* PlanFadeViewController.m in Sources */ = {isa = PBXBuildFile; fileRef = 66876C651D25ED610054CED4 /* PlanFadeViewController.m */; };
		66876C6B1D25ED610054CED4 /* Assets.xcassets in Resources */ = {isa = PBXBuildFile; fileRef = 66876C6A1D25ED610054CED4 /* Assets.xcassets */; };
		66876C6E1D25ED610054CED4 /* LaunchScreen.storyboard in Resources */ = {isa = PBXBuildFile; fileRef = 66876C6C1D25ED610054CED4 /* LaunchScreen.storyboard */; };
		CA8C88715352899275724E52 /* Pods_MaterialMotionRuntime_PlanCatalog.framework in Frameworks */ = {isa = PBXBuildFile; fileRef = 4E9F0FB5FB808715EC1FC0B7 /* Pods_MaterialMotionRuntime_PlanCatalog.framework */; };
/* End PBXBuildFile section */

/* Begin PBXFileReference section */
		36A91FFF1D2D56900001C0B0 /* MainViewController.h */ = {isa = PBXFileReference; fileEncoding = 4; lastKnownFileType = sourcecode.c.h; path = MainViewController.h; sourceTree = "<group>"; };
		36A920001D2D56900001C0B0 /* MainViewController.m */ = {isa = PBXFileReference; fileEncoding = 4; lastKnownFileType = sourcecode.c.objc; path = MainViewController.m; sourceTree = "<group>"; };
		36A9202A1D2FEB4D0001C0B0 /* Tween.h */ = {isa = PBXFileReference; fileEncoding = 4; lastKnownFileType = sourcecode.c.h; name = Tween.h; path = Plan/Tween.h; sourceTree = "<group>"; };
		36A9202B1D2FEB4D0001C0B0 /* Tween.m */ = {isa = PBXFileReference; fileEncoding = 4; lastKnownFileType = sourcecode.c.objc; name = Tween.m; path = Plan/Tween.m; sourceTree = "<group>"; };
		4E9F0FB5FB808715EC1FC0B7 /* Pods_MaterialMotionRuntime_PlanCatalog.framework */ = {isa = PBXFileReference; explicitFileType = wrapper.framework; includeInIndex = 0; path = Pods_MaterialMotionRuntime_PlanCatalog.framework; sourceTree = BUILT_PRODUCTS_DIR; };
		66876C5B1D25ED610054CED4 /* PlanCatalog.app */ = {isa = PBXFileReference; explicitFileType = wrapper.application; includeInIndex = 0; path = PlanCatalog.app; sourceTree = BUILT_PRODUCTS_DIR; };
		66876C5F1D25ED610054CED4 /* main.m */ = {isa = PBXFileReference; lastKnownFileType = sourcecode.c.objc; path = main.m; sourceTree = "<group>"; };
		66876C611D25ED610054CED4 /* AppDelegate.h */ = {isa = PBXFileReference; lastKnownFileType = sourcecode.c.h; path = AppDelegate.h; sourceTree = "<group>"; };
		66876C621D25ED610054CED4 /* AppDelegate.m */ = {isa = PBXFileReference; lastKnownFileType = sourcecode.c.objc; path = AppDelegate.m; sourceTree = "<group>"; };
		66876C641D25ED610054CED4 /* PlanFadeViewController.h */ = {isa = PBXFileReference; lastKnownFileType = sourcecode.c.h; name = PlanFadeViewController.h; path = Plan/PlanFadeViewController.h; sourceTree = "<group>"; };
		66876C651D25ED610054CED4 /* PlanFadeViewController.m */ = {isa = PBXFileReference; lastKnownFileType = sourcecode.c.objc; name = PlanFadeViewController.m; path = Plan/PlanFadeViewController.m; sourceTree = "<group>"; };
		66876C6A1D25ED610054CED4 /* Assets.xcassets */ = {isa = PBXFileReference; lastKnownFileType = folder.assetcatalog; path = Assets.xcassets; sourceTree = "<group>"; };
		66876C6D1D25ED610054CED4 /* Base */ = {isa = PBXFileReference; lastKnownFileType = file.storyboard; name = Base; path = Base.lproj/LaunchScreen.storyboard; sourceTree = "<group>"; };
		66876C6F1D25ED610054CED4 /* Info.plist */ = {isa = PBXFileReference; lastKnownFileType = text.plist.xml; path = Info.plist; sourceTree = "<group>"; };
		75F2F4A20A51B559BDF137E9 /* Pods-MaterialMotionRuntime-PlanCatalog.debug.xcconfig */ = {isa = PBXFileReference; includeInIndex = 1; lastKnownFileType = text.xcconfig; name = "Pods-MaterialMotionRuntime-PlanCatalog.debug.xcconfig"; path = "../../../Pods/Target Support Files/Pods-MaterialMotionRuntime-PlanCatalog/Pods-MaterialMotionRuntime-PlanCatalog.debug.xcconfig"; sourceTree = "<group>"; };
		C0EA85F5845AC624D40CFF3B /* Pods-MaterialMotionRuntime-PlanCatalog.release.xcconfig */ = {isa = PBXFileReference; includeInIndex = 1; lastKnownFileType = text.xcconfig; name = "Pods-MaterialMotionRuntime-PlanCatalog.release.xcconfig"; path = "../../../Pods/Target Support Files/Pods-MaterialMotionRuntime-PlanCatalog/Pods-MaterialMotionRuntime-PlanCatalog.release.xcconfig"; sourceTree = "<group>"; };
/* End PBXFileReference section */

/* Begin PBXFrameworksBuildPhase section */
		66876C581D25ED610054CED4 /* Frameworks */ = {
			isa = PBXFrameworksBuildPhase;
			buildActionMask = 2147483647;
			files = (
				CA8C88715352899275724E52 /* Pods_MaterialMotionRuntime_PlanCatalog.framework in Frameworks */,
			);
			runOnlyForDeploymentPostprocessing = 0;
		};
/* End PBXFrameworksBuildPhase section */

/* Begin PBXGroup section */
		36A920021D2D56990001C0B0 /* Plan */ = {
			isa = PBXGroup;
			children = (
				36A9202A1D2FEB4D0001C0B0 /* Tween.h */,
				36A9202B1D2FEB4D0001C0B0 /* Tween.m */,
				66876C641D25ED610054CED4 /* PlanFadeViewController.h */,
				66876C651D25ED610054CED4 /* PlanFadeViewController.m */,
			);
			name = Plan;
			sourceTree = "<group>";
		};
		66876C521D25ED610054CED4 = {
			isa = PBXGroup;
			children = (
				66876C5D1D25ED610054CED4 /* PlanCatalog */,
				66876C5C1D25ED610054CED4 /* Products */,
				8C0B878FA36FECEAB1371636 /* Pods */,
				8FBA7A9DA1C8D0F7E3A8CDC6 /* Frameworks */,
			);
			sourceTree = "<group>";
		};
		66876C5C1D25ED610054CED4 /* Products */ = {
			isa = PBXGroup;
			children = (
				66876C5B1D25ED610054CED4 /* PlanCatalog.app */,
			);
			name = Products;
			sourceTree = "<group>";
		};
		66876C5D1D25ED610054CED4 /* PlanCatalog */ = {
			isa = PBXGroup;
			children = (
				66876C611D25ED610054CED4 /* AppDelegate.h */,
				66876C621D25ED610054CED4 /* AppDelegate.m */,
				36A91FFF1D2D56900001C0B0 /* MainViewController.h */,
				36A920001D2D56900001C0B0 /* MainViewController.m */,
				36A920021D2D56990001C0B0 /* Plan */,
				66876C6A1D25ED610054CED4 /* Assets.xcassets */,
				66876C6C1D25ED610054CED4 /* LaunchScreen.storyboard */,
				66876C6F1D25ED610054CED4 /* Info.plist */,
				66876C5E1D25ED610054CED4 /* Supporting Files */,
			);
			path = PlanCatalog;
			sourceTree = "<group>";
		};
		66876C5E1D25ED610054CED4 /* Supporting Files */ = {
			isa = PBXGroup;
			children = (
				66876C5F1D25ED610054CED4 /* main.m */,
			);
			name = "Supporting Files";
			sourceTree = "<group>";
		};
		8C0B878FA36FECEAB1371636 /* Pods */ = {
			isa = PBXGroup;
			children = (
				75F2F4A20A51B559BDF137E9 /* Pods-MaterialMotionRuntime-PlanCatalog.debug.xcconfig */,
				C0EA85F5845AC624D40CFF3B /* Pods-MaterialMotionRuntime-PlanCatalog.release.xcconfig */,
			);
			name = Pods;
			sourceTree = "<group>";
		};
		8FBA7A9DA1C8D0F7E3A8CDC6 /* Frameworks */ = {
			isa = PBXGroup;
			children = (
				4E9F0FB5FB808715EC1FC0B7 /* Pods_MaterialMotionRuntime_PlanCatalog.framework */,
			);
			name = Frameworks;
			sourceTree = "<group>";
		};
/* End PBXGroup section */

/* Begin PBXNativeTarget section */
		66876C5A1D25ED610054CED4 /* PlanCatalog */ = {
			isa = PBXNativeTarget;
			buildConfigurationList = 66876C721D25ED610054CED4 /* Build configuration list for PBXNativeTarget "PlanCatalog" */;
			buildPhases = (
				FDBF362A2FF511E40BB66A8B /* [CP] Check Pods Manifest.lock */,
				66876C571D25ED610054CED4 /* Sources */,
				66876C581D25ED610054CED4 /* Frameworks */,
				66876C591D25ED610054CED4 /* Resources */,
				8DDC8971D5A6EE088489A3B6 /* [CP] Embed Pods Frameworks */,
				3A87D63A476E452B434A8DDD /* [CP] Copy Pods Resources */,
			);
			buildRules = (
			);
			dependencies = (
			);
			name = PlanCatalog;
			productName = PlanCatalog;
			productReference = 66876C5B1D25ED610054CED4 /* PlanCatalog.app */;
			productType = "com.apple.product-type.application";
		};
/* End PBXNativeTarget section */

/* Begin PBXProject section */
		66876C531D25ED610054CED4 /* Project object */ = {
			isa = PBXProject;
			attributes = {
				LastUpgradeCheck = 0730;
				ORGANIZATIONNAME = Google;
				TargetAttributes = {
					66876C5A1D25ED610054CED4 = {
						CreatedOnToolsVersion = 7.3.1;
					};
				};
			};
			buildConfigurationList = 66876C561D25ED610054CED4 /* Build configuration list for PBXProject "PlanCatalog" */;
			compatibilityVersion = "Xcode 3.2";
			developmentRegion = English;
			hasScannedForEncodings = 0;
			knownRegions = (
				en,
				Base,
			);
			mainGroup = 66876C521D25ED610054CED4;
			productRefGroup = 66876C5C1D25ED610054CED4 /* Products */;
			projectDirPath = "";
			projectRoot = "";
			targets = (
				66876C5A1D25ED610054CED4 /* PlanCatalog */,
			);
		};
/* End PBXProject section */

/* Begin PBXResourcesBuildPhase section */
		66876C591D25ED610054CED4 /* Resources */ = {
			isa = PBXResourcesBuildPhase;
			buildActionMask = 2147483647;
			files = (
				66876C6E1D25ED610054CED4 /* LaunchScreen.storyboard in Resources */,
				66876C6B1D25ED610054CED4 /* Assets.xcassets in Resources */,
			);
			runOnlyForDeploymentPostprocessing = 0;
		};
/* End PBXResourcesBuildPhase section */

/* Begin PBXShellScriptBuildPhase section */
		3A87D63A476E452B434A8DDD /* [CP] Copy Pods Resources */ = {
			isa = PBXShellScriptBuildPhase;
			buildActionMask = 2147483647;
			files = (
			);
			inputPaths = (
			);
			name = "[CP] Copy Pods Resources";
			outputPaths = (
			);
			runOnlyForDeploymentPostprocessing = 0;
			shellPath = /bin/sh;
			shellScript = "\"${SRCROOT}/../../../Pods/Target Support Files/Pods-MaterialMotionRuntime-PlanCatalog/Pods-MaterialMotionRuntime-PlanCatalog-resources.sh\"\n";
			showEnvVarsInLog = 0;
		};
		8DDC8971D5A6EE088489A3B6 /* [CP] Embed Pods Frameworks */ = {
			isa = PBXShellScriptBuildPhase;
			buildActionMask = 2147483647;
			files = (
			);
			inputPaths = (
			);
			name = "[CP] Embed Pods Frameworks";
			outputPaths = (
			);
			runOnlyForDeploymentPostprocessing = 0;
			shellPath = /bin/sh;
			shellScript = "\"${SRCROOT}/../../../Pods/Target Support Files/Pods-MaterialMotionRuntime-PlanCatalog/Pods-MaterialMotionRuntime-PlanCatalog-frameworks.sh\"\n";
			showEnvVarsInLog = 0;
		};
		FDBF362A2FF511E40BB66A8B /* [CP] Check Pods Manifest.lock */ = {
			isa = PBXShellScriptBuildPhase;
			buildActionMask = 2147483647;
			files = (
			);
			inputPaths = (
			);
			name = "[CP] Check Pods Manifest.lock";
			outputPaths = (
			);
			runOnlyForDeploymentPostprocessing = 0;
			shellPath = /bin/sh;
			shellScript = "diff \"${PODS_ROOT}/../Podfile.lock\" \"${PODS_ROOT}/Manifest.lock\" > /dev/null\nif [[ $? != 0 ]] ; then\n    cat << EOM\nerror: The sandbox is not in sync with the Podfile.lock. Run 'pod install' or update your CocoaPods installation.\nEOM\n    exit 1\nfi\n";
			showEnvVarsInLog = 0;
		};
/* End PBXShellScriptBuildPhase section */

/* Begin PBXSourcesBuildPhase section */
		66876C571D25ED610054CED4 /* Sources */ = {
			isa = PBXSourcesBuildPhase;
			buildActionMask = 2147483647;
			files = (
				66876C661D25ED610054CED4 /* PlanFadeViewController.m in Sources */,
				66876C631D25ED610054CED4 /* AppDelegate.m in Sources */,
				36A9202C1D2FEB4D0001C0B0 /* Tween.m in Sources */,
				66876C601D25ED610054CED4 /* main.m in Sources */,
				36A920011D2D56900001C0B0 /* MainViewController.m in Sources */,
			);
			runOnlyForDeploymentPostprocessing = 0;
		};
/* End PBXSourcesBuildPhase section */

/* Begin PBXVariantGroup section */
		66876C6C1D25ED610054CED4 /* LaunchScreen.storyboard */ = {
			isa = PBXVariantGroup;
			children = (
				66876C6D1D25ED610054CED4 /* Base */,
			);
			name = LaunchScreen.storyboard;
			sourceTree = "<group>";
		};
/* End PBXVariantGroup section */

/* Begin XCBuildConfiguration section */
		66876C701D25ED610054CED4 /* Debug */ = {
			isa = XCBuildConfiguration;
			buildSettings = {
				ALWAYS_SEARCH_USER_PATHS = NO;
				CLANG_ANALYZER_NONNULL = YES;
				CLANG_CXX_LANGUAGE_STANDARD = "gnu++0x";
				CLANG_CXX_LIBRARY = "libc++";
				CLANG_ENABLE_MODULES = YES;
				CLANG_ENABLE_OBJC_ARC = YES;
				CLANG_WARN_BOOL_CONVERSION = YES;
				CLANG_WARN_CONSTANT_CONVERSION = YES;
				CLANG_WARN_DIRECT_OBJC_ISA_USAGE = YES_ERROR;
				CLANG_WARN_EMPTY_BODY = YES;
				CLANG_WARN_ENUM_CONVERSION = YES;
				CLANG_WARN_INT_CONVERSION = YES;
				CLANG_WARN_OBJC_ROOT_CLASS = YES_ERROR;
				CLANG_WARN_UNREACHABLE_CODE = YES;
				CLANG_WARN__DUPLICATE_METHOD_MATCH = YES;
				"CODE_SIGN_IDENTITY[sdk=iphoneos*]" = "iPhone Developer";
				COPY_PHASE_STRIP = NO;
				DEBUG_INFORMATION_FORMAT = dwarf;
				ENABLE_STRICT_OBJC_MSGSEND = YES;
				ENABLE_TESTABILITY = YES;
				GCC_C_LANGUAGE_STANDARD = gnu99;
				GCC_DYNAMIC_NO_PIC = NO;
				GCC_NO_COMMON_BLOCKS = YES;
				GCC_OPTIMIZATION_LEVEL = 0;
				GCC_PREPROCESSOR_DEFINITIONS = (
					"DEBUG=1",
					"$(inherited)",
				);
				GCC_WARN_64_TO_32_BIT_CONVERSION = YES;
				GCC_WARN_ABOUT_RETURN_TYPE = YES_ERROR;
				GCC_WARN_UNDECLARED_SELECTOR = YES;
				GCC_WARN_UNINITIALIZED_AUTOS = YES_AGGRESSIVE;
				GCC_WARN_UNUSED_FUNCTION = YES;
				GCC_WARN_UNUSED_VARIABLE = YES;
				IPHONEOS_DEPLOYMENT_TARGET = 8.0;
				MTL_ENABLE_DEBUG_INFO = YES;
				ONLY_ACTIVE_ARCH = YES;
				SDKROOT = iphoneos;
				TARGETED_DEVICE_FAMILY = "1,2";
			};
			name = Debug;
		};
		66876C711D25ED610054CED4 /* Release */ = {
			isa = XCBuildConfiguration;
			buildSettings = {
				ALWAYS_SEARCH_USER_PATHS = NO;
				CLANG_ANALYZER_NONNULL = YES;
				CLANG_CXX_LANGUAGE_STANDARD = "gnu++0x";
				CLANG_CXX_LIBRARY = "libc++";
				CLANG_ENABLE_MODULES = YES;
				CLANG_ENABLE_OBJC_ARC = YES;
				CLANG_WARN_BOOL_CONVERSION = YES;
				CLANG_WARN_CONSTANT_CONVERSION = YES;
				CLANG_WARN_DIRECT_OBJC_ISA_USAGE = YES_ERROR;
				CLANG_WARN_EMPTY_BODY = YES;
				CLANG_WARN_ENUM_CONVERSION = YES;
				CLANG_WARN_INT_CONVERSION = YES;
				CLANG_WARN_OBJC_ROOT_CLASS = YES_ERROR;
				CLANG_WARN_UNREACHABLE_CODE = YES;
				CLANG_WARN__DUPLICATE_METHOD_MATCH = YES;
				"CODE_SIGN_IDENTITY[sdk=iphoneos*]" = "iPhone Developer";
				COPY_PHASE_STRIP = NO;
				DEBUG_INFORMATION_FORMAT = "dwarf-with-dsym";
				ENABLE_NS_ASSERTIONS = NO;
				ENABLE_STRICT_OBJC_MSGSEND = YES;
				GCC_C_LANGUAGE_STANDARD = gnu99;
				GCC_NO_COMMON_BLOCKS = YES;
				GCC_WARN_64_TO_32_BIT_CONVERSION = YES;
				GCC_WARN_ABOUT_RETURN_TYPE = YES_ERROR;
				GCC_WARN_UNDECLARED_SELECTOR = YES;
				GCC_WARN_UNINITIALIZED_AUTOS = YES_AGGRESSIVE;
				GCC_WARN_UNUSED_FUNCTION = YES;
				GCC_WARN_UNUSED_VARIABLE = YES;
				IPHONEOS_DEPLOYMENT_TARGET = 8.0;
				MTL_ENABLE_DEBUG_INFO = NO;
				SDKROOT = iphoneos;
				TARGETED_DEVICE_FAMILY = "1,2";
				VALIDATE_PRODUCT = YES;
			};
			name = Release;
		};
		66876C731D25ED610054CED4 /* Debug */ = {
			isa = XCBuildConfiguration;
			baseConfigurationReference = 75F2F4A20A51B559BDF137E9 /* Pods-MaterialMotionRuntime-PlanCatalog.debug.xcconfig */;
			buildSettings = {
				ASSETCATALOG_COMPILER_APPICON_NAME = AppIcon;
				INFOPLIST_FILE = PlanCatalog/Info.plist;
				LD_RUNPATH_SEARCH_PATHS = "$(inherited) @executable_path/Frameworks";
				PRODUCT_BUNDLE_IDENTIFIER = com.google.PlanCatalog;
				PRODUCT_NAME = "$(TARGET_NAME)";
			};
			name = Debug;
		};
		66876C741D25ED610054CED4 /* Release */ = {
			isa = XCBuildConfiguration;
			baseConfigurationReference = C0EA85F5845AC624D40CFF3B /* Pods-MaterialMotionRuntime-PlanCatalog.release.xcconfig */;
			buildSettings = {
				ASSETCATALOG_COMPILER_APPICON_NAME = AppIcon;
				INFOPLIST_FILE = PlanCatalog/Info.plist;
				LD_RUNPATH_SEARCH_PATHS = "$(inherited) @executable_path/Frameworks";
				PRODUCT_BUNDLE_IDENTIFIER = com.google.PlanCatalog;
				PRODUCT_NAME = "$(TARGET_NAME)";
			};
			name = Release;
		};
/* End XCBuildConfiguration section */

/* Begin XCConfigurationList section */
		66876C561D25ED610054CED4 /* Build configuration list for PBXProject "PlanCatalog" */ = {
			isa = XCConfigurationList;
			buildConfigurations = (
				66876C701D25ED610054CED4 /* Debug */,
				66876C711D25ED610054CED4 /* Release */,
			);
			defaultConfigurationIsVisible = 0;
			defaultConfigurationName = Release;
		};
		66876C721D25ED610054CED4 /* Build configuration list for PBXNativeTarget "PlanCatalog" */ = {
			isa = XCConfigurationList;
			buildConfigurations = (
				66876C731D25ED610054CED4 /* Debug */,
				66876C741D25ED610054CED4 /* Release */,
			);
			defaultConfigurationIsVisible = 0;
			defaultConfigurationName = Release;
		};
/* End XCConfigurationList section */
	};
	rootObject = 66876C531D25ED610054CED4 /* Project object */;
}
